
Microsoft Visual Studio Solution File, Format Version 12.00
# Visual Studio 2013
VisualStudioVersion = 12.0.40629.0
MinimumVisualStudioVersion = 10.0.40219.1
Project("{FAE04EC0-301F-11D3-BF4B-00C04F79EFBC}") = "Utils", "Utils\Utils.csproj", "{8EB45C93-07EA-42CC-8CCC-0FCC9D62536B}"
EndProject
Project("{FAE04EC0-301F-11D3-BF4B-00C04F79EFBC}") = "DAL", "DAL\DAL.csproj", "{FCC41564-D847-4A7D-8A15-E906B0CB4D58}"
EndProject
Global
	GlobalSection(SolutionConfigurationPlatforms) = preSolution
		Debug|Any CPU = Debug|Any CPU
		Release|Any CPU = Release|Any CPU
	EndGlobalSection
	GlobalSection(ProjectConfigurationPlatforms) = postSolution
		{8EB45C93-07EA-42CC-8CCC-0FCC9D62536B}.Debug|Any CPU.ActiveCfg = Debug|Any CPU
		{8EB45C93-07EA-42CC-8CCC-0FCC9D62536B}.Debug|Any CPU.Build.0 = Debug|Any CPU
		{8EB45C93-07EA-42CC-8CCC-0FCC9D62536B}.Release|Any CPU.ActiveCfg = Release|Any CPU
		{8EB45C93-07EA-42CC-8CCC-0FCC9D62536B}.Release|Any CPU.Build.0 = Release|Any CPU
		{FCC41564-D847-4A7D-8A15-E906B0CB4D58}.Debug|Any CPU.ActiveCfg = Debug|Any CPU
		{FCC41564-D847-4A7D-8A15-E906B0CB4D58}.Debug|Any CPU.Build.0 = Debug|Any CPU
		{FCC41564-D847-4A7D-8A15-E906B0CB4D58}.Release|Any CPU.ActiveCfg = Release|Any CPU
		{FCC41564-D847-4A7D-8A15-E906B0CB4D58}.Release|Any CPU.Build.0 = Release|Any CPU
	EndGlobalSection
	GlobalSection(SolutionProperties) = preSolution
		HideSolutionNode = FALSE
	EndGlobalSection
EndGlobal
